
Microsoft Visual Studio Solution File, Format Version 12.00
# Visual Studio Version 16
VisualStudioVersion = 16.0.29215.179
MinimumVisualStudioVersion = 10.0.40219.1
Project("{9A19103F-16F7-4668-BE54-9A1E7A4F7556}") = "TaskFamilyModels", "ClassLibModel\TaskFamilyModels.csproj", "{316615A4-1F2E-48DA-8129-A1874D490DFA}"
EndProject
Project("{9A19103F-16F7-4668-BE54-9A1E7A4F7556}") = "TaskFamilyWeb.Tests", "TaskFamilyWeb.Tests\TaskFamilyWeb.Tests.csproj", "{FAED2A8C-4319-430B-8EC3-6260431BD129}"
EndProject
Project("{9A19103F-16F7-4668-BE54-9A1E7A4F7556}") = "TaskFamilyDbContext", "TaskFamilyDbContext\TaskFamilyDbContext.csproj", "{C142AA5C-611D-46BC-BF26-CA5E842E57E8}"
EndProject
Project("{9A19103F-16F7-4668-BE54-9A1E7A4F7556}") = "TaskFamilyApi", "TaskFamilyApi\TaskFamilyApi.csproj", "{895BFE6E-475C-4147-B049-4E02E89292CA}"
EndProject
Global
	GlobalSection(SolutionConfigurationPlatforms) = preSolution
		Ad-Hoc|Any CPU = Ad-Hoc|Any CPU
		Ad-Hoc|iPhone = Ad-Hoc|iPhone
		Ad-Hoc|iPhoneSimulator = Ad-Hoc|iPhoneSimulator
		AppStore|Any CPU = AppStore|Any CPU
		AppStore|iPhone = AppStore|iPhone
		AppStore|iPhoneSimulator = AppStore|iPhoneSimulator
		Debug|Any CPU = Debug|Any CPU
		Debug|iPhone = Debug|iPhone
		Debug|iPhoneSimulator = Debug|iPhoneSimulator
		Release|Any CPU = Release|Any CPU
		Release|iPhone = Release|iPhone
		Release|iPhoneSimulator = Release|iPhoneSimulator
	EndGlobalSection
	GlobalSection(ProjectConfigurationPlatforms) = postSolution
		{316615A4-1F2E-48DA-8129-A1874D490DFA}.Ad-Hoc|Any CPU.ActiveCfg = Release|Any CPU
		{316615A4-1F2E-48DA-8129-A1874D490DFA}.Ad-Hoc|Any CPU.Build.0 = Release|Any CPU
		{316615A4-1F2E-48DA-8129-A1874D490DFA}.Ad-Hoc|iPhone.ActiveCfg = Release|Any CPU
		{316615A4-1F2E-48DA-8129-A1874D490DFA}.Ad-Hoc|iPhone.Build.0 = Release|Any CPU
		{316615A4-1F2E-48DA-8129-A1874D490DFA}.Ad-Hoc|iPhoneSimulator.ActiveCfg = Release|Any CPU
		{316615A4-1F2E-48DA-8129-A1874D490DFA}.Ad-Hoc|iPhoneSimulator.Build.0 = Release|Any CPU
		{316615A4-1F2E-48DA-8129-A1874D490DFA}.AppStore|Any CPU.ActiveCfg = Release|Any CPU
		{316615A4-1F2E-48DA-8129-A1874D490DFA}.AppStore|Any CPU.Build.0 = Release|Any CPU
		{316615A4-1F2E-48DA-8129-A1874D490DFA}.AppStore|iPhone.ActiveCfg = Release|Any CPU
		{316615A4-1F2E-48DA-8129-A1874D490DFA}.AppStore|iPhone.Build.0 = Release|Any CPU
		{316615A4-1F2E-48DA-8129-A1874D490DFA}.AppStore|iPhoneSimulator.ActiveCfg = Release|Any CPU
		{316615A4-1F2E-48DA-8129-A1874D490DFA}.AppStore|iPhoneSimulator.Build.0 = Release|Any CPU
		{316615A4-1F2E-48DA-8129-A1874D490DFA}.Debug|Any CPU.ActiveCfg = Debug|Any CPU
		{316615A4-1F2E-48DA-8129-A1874D490DFA}.Debug|Any CPU.Build.0 = Debug|Any CPU
		{316615A4-1F2E-48DA-8129-A1874D490DFA}.Debug|iPhone.ActiveCfg = Debug|Any CPU
		{316615A4-1F2E-48DA-8129-A1874D490DFA}.Debug|iPhone.Build.0 = Debug|Any CPU
		{316615A4-1F2E-48DA-8129-A1874D490DFA}.Debug|iPhoneSimulator.ActiveCfg = Debug|Any CPU
		{316615A4-1F2E-48DA-8129-A1874D490DFA}.Debug|iPhoneSimulator.Build.0 = Debug|Any CPU
		{316615A4-1F2E-48DA-8129-A1874D490DFA}.Release|Any CPU.ActiveCfg = Release|Any CPU
		{316615A4-1F2E-48DA-8129-A1874D490DFA}.Release|Any CPU.Build.0 = Release|Any CPU
		{316615A4-1F2E-48DA-8129-A1874D490DFA}.Release|iPhone.ActiveCfg = Release|Any CPU
		{316615A4-1F2E-48DA-8129-A1874D490DFA}.Release|iPhone.Build.0 = Release|Any CPU
		{316615A4-1F2E-48DA-8129-A1874D490DFA}.Release|iPhoneSimulator.ActiveCfg = Release|Any CPU
		{316615A4-1F2E-48DA-8129-A1874D490DFA}.Release|iPhoneSimulator.Build.0 = Release|Any CPU
		{FAED2A8C-4319-430B-8EC3-6260431BD129}.Ad-Hoc|Any CPU.ActiveCfg = Release|Any CPU
		{FAED2A8C-4319-430B-8EC3-6260431BD129}.Ad-Hoc|Any CPU.Build.0 = Release|Any CPU
		{FAED2A8C-4319-430B-8EC3-6260431BD129}.Ad-Hoc|iPhone.ActiveCfg = Release|Any CPU
		{FAED2A8C-4319-430B-8EC3-6260431BD129}.Ad-Hoc|iPhone.Build.0 = Release|Any CPU
		{FAED2A8C-4319-430B-8EC3-6260431BD129}.Ad-Hoc|iPhoneSimulator.ActiveCfg = Release|Any CPU
		{FAED2A8C-4319-430B-8EC3-6260431BD129}.Ad-Hoc|iPhoneSimulator.Build.0 = Release|Any CPU
		{FAED2A8C-4319-430B-8EC3-6260431BD129}.AppStore|Any CPU.ActiveCfg = Release|Any CPU
		{FAED2A8C-4319-430B-8EC3-6260431BD129}.AppStore|Any CPU.Build.0 = Release|Any CPU
		{FAED2A8C-4319-430B-8EC3-6260431BD129}.AppStore|iPhone.ActiveCfg = Release|Any CPU
		{FAED2A8C-4319-430B-8EC3-6260431BD129}.AppStore|iPhone.Build.0 = Release|Any CPU
		{FAED2A8C-4319-430B-8EC3-6260431BD129}.AppStore|iPhoneSimulator.ActiveCfg = Release|Any CPU
		{FAED2A8C-4319-430B-8EC3-6260431BD129}.AppStore|iPhoneSimulator.Build.0 = Release|Any CPU
		{FAED2A8C-4319-430B-8EC3-6260431BD129}.Debug|Any CPU.ActiveCfg = Debug|Any CPU
		{FAED2A8C-4319-430B-8EC3-6260431BD129}.Debug|Any CPU.Build.0 = Debug|Any CPU
		{FAED2A8C-4319-430B-8EC3-6260431BD129}.Debug|iPhone.ActiveCfg = Debug|Any CPU
		{FAED2A8C-4319-430B-8EC3-6260431BD129}.Debug|iPhone.Build.0 = Debug|Any CPU
		{FAED2A8C-4319-430B-8EC3-6260431BD129}.Debug|iPhoneSimulator.ActiveCfg = Debug|Any CPU
		{FAED2A8C-4319-430B-8EC3-6260431BD129}.Debug|iPhoneSimulator.Build.0 = Debug|Any CPU
		{FAED2A8C-4319-430B-8EC3-6260431BD129}.Release|Any CPU.ActiveCfg = Release|Any CPU
		{FAED2A8C-4319-430B-8EC3-6260431BD129}.Release|Any CPU.Build.0 = Release|Any CPU
		{FAED2A8C-4319-430B-8EC3-6260431BD129}.Release|iPhone.ActiveCfg = Release|Any CPU
		{FAED2A8C-4319-430B-8EC3-6260431BD129}.Release|iPhone.Build.0 = Release|Any CPU
		{FAED2A8C-4319-430B-8EC3-6260431BD129}.Release|iPhoneSimulator.ActiveCfg = Release|Any CPU
		{FAED2A8C-4319-430B-8EC3-6260431BD129}.Release|iPhoneSimulator.Build.0 = Release|Any CPU
		{C142AA5C-611D-46BC-BF26-CA5E842E57E8}.Ad-Hoc|Any CPU.ActiveCfg = Debug|Any CPU
		{C142AA5C-611D-46BC-BF26-CA5E842E57E8}.Ad-Hoc|Any CPU.Build.0 = Debug|Any CPU
		{C142AA5C-611D-46BC-BF26-CA5E842E57E8}.Ad-Hoc|iPhone.ActiveCfg = Debug|Any CPU
		{C142AA5C-611D-46BC-BF26-CA5E842E57E8}.Ad-Hoc|iPhone.Build.0 = Debug|Any CPU
		{C142AA5C-611D-46BC-BF26-CA5E842E57E8}.Ad-Hoc|iPhoneSimulator.ActiveCfg = Debug|Any CPU
		{C142AA5C-611D-46BC-BF26-CA5E842E57E8}.Ad-Hoc|iPhoneSimulator.Build.0 = Debug|Any CPU
		{C142AA5C-611D-46BC-BF26-CA5E842E57E8}.AppStore|Any CPU.ActiveCfg = Debug|Any CPU
		{C142AA5C-611D-46BC-BF26-CA5E842E57E8}.AppStore|Any CPU.Build.0 = Debug|Any CPU
		{C142AA5C-611D-46BC-BF26-CA5E842E57E8}.AppStore|iPhone.ActiveCfg = Debug|Any CPU
		{C142AA5C-611D-46BC-BF26-CA5E842E57E8}.AppStore|iPhone.Build.0 = Debug|Any CPU
		{C142AA5C-611D-46BC-BF26-CA5E842E57E8}.AppStore|iPhoneSimulator.ActiveCfg = Debug|Any CPU
		{C142AA5C-611D-46BC-BF26-CA5E842E57E8}.AppStore|iPhoneSimulator.Build.0 = Debug|Any CPU
		{C142AA5C-611D-46BC-BF26-CA5E842E57E8}.Debug|Any CPU.ActiveCfg = Debug|Any CPU
		{C142AA5C-611D-46BC-BF26-CA5E842E57E8}.Debug|Any CPU.Build.0 = Debug|Any CPU
		{C142AA5C-611D-46BC-BF26-CA5E842E57E8}.Debug|iPhone.ActiveCfg = Debug|Any CPU
		{C142AA5C-611D-46BC-BF26-CA5E842E57E8}.Debug|iPhone.Build.0 = Debug|Any CPU
		{C142AA5C-611D-46BC-BF26-CA5E842E57E8}.Debug|iPhoneSimulator.ActiveCfg = Debug|Any CPU
		{C142AA5C-611D-46BC-BF26-CA5E842E57E8}.Debug|iPhoneSimulator.Build.0 = Debug|Any CPU
		{C142AA5C-611D-46BC-BF26-CA5E842E57E8}.Release|Any CPU.ActiveCfg = Release|Any CPU
		{C142AA5C-611D-46BC-BF26-CA5E842E57E8}.Release|Any CPU.Build.0 = Release|Any CPU
		{C142AA5C-611D-46BC-BF26-CA5E842E57E8}.Release|iPhone.ActiveCfg = Release|Any CPU
		{C142AA5C-611D-46BC-BF26-CA5E842E57E8}.Release|iPhone.Build.0 = Release|Any CPU
		{C142AA5C-611D-46BC-BF26-CA5E842E57E8}.Release|iPhoneSimulator.ActiveCfg = Release|Any CPU
		{C142AA5C-611D-46BC-BF26-CA5E842E57E8}.Release|iPhoneSimulator.Build.0 = Release|Any CPU
		{895BFE6E-475C-4147-B049-4E02E89292CA}.Ad-Hoc|Any CPU.ActiveCfg = Debug|Any CPU
		{895BFE6E-475C-4147-B049-4E02E89292CA}.Ad-Hoc|Any CPU.Build.0 = Debug|Any CPU
		{895BFE6E-475C-4147-B049-4E02E89292CA}.Ad-Hoc|iPhone.ActiveCfg = Debug|Any CPU
		{895BFE6E-475C-4147-B049-4E02E89292CA}.Ad-Hoc|iPhone.Build.0 = Debug|Any CPU
		{895BFE6E-475C-4147-B049-4E02E89292CA}.Ad-Hoc|iPhoneSimulator.ActiveCfg = Debug|Any CPU
		{895BFE6E-475C-4147-B049-4E02E89292CA}.Ad-Hoc|iPhoneSimulator.Build.0 = Debug|Any CPU
		{895BFE6E-475C-4147-B049-4E02E89292CA}.AppStore|Any CPU.ActiveCfg = Debug|Any CPU
		{895BFE6E-475C-4147-B049-4E02E89292CA}.AppStore|Any CPU.Build.0 = Debug|Any CPU
		{895BFE6E-475C-4147-B049-4E02E89292CA}.AppStore|iPhone.ActiveCfg = Debug|Any CPU
		{895BFE6E-475C-4147-B049-4E02E89292CA}.AppStore|iPhone.Build.0 = Debug|Any CPU
		{895BFE6E-475C-4147-B049-4E02E89292CA}.AppStore|iPhoneSimulator.ActiveCfg = Debug|Any CPU
		{895BFE6E-475C-4147-B049-4E02E89292CA}.AppStore|iPhoneSimulator.Build.0 = Debug|Any CPU
		{895BFE6E-475C-4147-B049-4E02E89292CA}.Debug|Any CPU.ActiveCfg = Debug|Any CPU
		{895BFE6E-475C-4147-B049-4E02E89292CA}.Debug|Any CPU.Build.0 = Debug|Any CPU
		{895BFE6E-475C-4147-B049-4E02E89292CA}.Debug|iPhone.ActiveCfg = Debug|Any CPU
		{895BFE6E-475C-4147-B049-4E02E89292CA}.Debug|iPhone.Build.0 = Debug|Any CPU
		{895BFE6E-475C-4147-B049-4E02E89292CA}.Debug|iPhoneSimulator.ActiveCfg = Debug|Any CPU
		{895BFE6E-475C-4147-B049-4E02E89292CA}.Debug|iPhoneSimulator.Build.0 = Debug|Any CPU
		{895BFE6E-475C-4147-B049-4E02E89292CA}.Release|Any CPU.ActiveCfg = Release|Any CPU
		{895BFE6E-475C-4147-B049-4E02E89292CA}.Release|Any CPU.Build.0 = Release|Any CPU
		{895BFE6E-475C-4147-B049-4E02E89292CA}.Release|iPhone.ActiveCfg = Release|Any CPU
		{895BFE6E-475C-4147-B049-4E02E89292CA}.Release|iPhone.Build.0 = Release|Any CPU
		{895BFE6E-475C-4147-B049-4E02E89292CA}.Release|iPhoneSimulator.ActiveCfg = Release|Any CPU
		{895BFE6E-475C-4147-B049-4E02E89292CA}.Release|iPhoneSimulator.Build.0 = Release|Any CPU
	EndGlobalSection
	GlobalSection(SolutionProperties) = preSolution
		HideSolutionNode = FALSE
	EndGlobalSection
	GlobalSection(ExtensibilityGlobals) = postSolution
		SolutionGuid = {C7D1AF0A-7011-4D82-A666-C639281D4223}
	EndGlobalSection
EndGlobal
